
Microsoft Visual Studio Solution File, Format Version 12.00
# Visual Studio Version 17
VisualStudioVersion = 17.9.34728.123
MinimumVisualStudioVersion = 10.0.40219.1
Project("{FAE04EC0-301F-11D3-BF4B-00C04F79EFBC}") = "PolymorphismRPG", "PolymorphismRPG\PolymorphismRPG.csproj", "{4FE6D1BF-877C-4642-BAD4-22AA105A802C}"
EndProject
Global
	GlobalSection(SolutionConfigurationPlatforms) = preSolution
		Debug|Any CPU = Debug|Any CPU
		Release|Any CPU = Release|Any CPU
	EndGlobalSection
	GlobalSection(ProjectConfigurationPlatforms) = postSolution
		{4FE6D1BF-877C-4642-BAD4-22AA105A802C}.Debug|Any CPU.ActiveCfg = Debug|Any CPU
		{4FE6D1BF-877C-4642-BAD4-22AA105A802C}.Debug|Any CPU.Build.0 = Debug|Any CPU
		{4FE6D1BF-877C-4642-BAD4-22AA105A802C}.Release|Any CPU.ActiveCfg = Release|Any CPU
		{4FE6D1BF-877C-4642-BAD4-22AA105A802C}.Release|Any CPU.Build.0 = Release|Any CPU
	EndGlobalSection
	GlobalSection(SolutionProperties) = preSolution
		HideSolutionNode = FALSE
	EndGlobalSection
	GlobalSection(ExtensibilityGlobals) = postSolution
		SolutionGuid = {C41E0749-26A6-4679-B238-3DCCDA9A7660}
	EndGlobalSection
EndGlobal
